
Microsoft Visual Studio Solution File, Format Version 12.00
# Visual Studio Version 17
VisualStudioVersion = 17.8.34330.188
MinimumVisualStudioVersion = 10.0.40219.1
Project("{FAE04EC0-301F-11D3-BF4B-00C04F79EFBC}") = "Roblox Mouse Pointer Fix", "Roblox Mouse Pointer Fix\Roblox Mouse Pointer Fix.csproj", "{4945BB74-BBFD-4EAC-AC12-8BC228CA8A3D}"
EndProject
Global
	GlobalSection(SolutionConfigurationPlatforms) = preSolution
		Debug|Any CPU = Debug|Any CPU
		Release|Any CPU = Release|Any CPU
	EndGlobalSection
	GlobalSection(ProjectConfigurationPlatforms) = postSolution
		{4945BB74-BBFD-4EAC-AC12-8BC228CA8A3D}.Debug|Any CPU.ActiveCfg = Debug|Any CPU
		{4945BB74-BBFD-4EAC-AC12-8BC228CA8A3D}.Debug|Any CPU.Build.0 = Debug|Any CPU
		{4945BB74-BBFD-4EAC-AC12-8BC228CA8A3D}.Release|Any CPU.ActiveCfg = Release|Any CPU
		{4945BB74-BBFD-4EAC-AC12-8BC228CA8A3D}.Release|Any CPU.Build.0 = Release|Any CPU
	EndGlobalSection
	GlobalSection(SolutionProperties) = preSolution
		HideSolutionNode = FALSE
	EndGlobalSection
	GlobalSection(ExtensibilityGlobals) = postSolution
		SolutionGuid = {FAF52813-D40A-4287-8E1D-2E4E45EDD439}
	EndGlobalSection
EndGlobal
